{
  "name": "adblock-detect-javascript-only",
  "version": "1.0.5",
  "lockfileVersion": 2,
  "requires": true,
  "packages": {
    "": {
      "name": "adblock-detect-javascript-only",
      "version": "1.0.5",
      "license": "ISC",
      "dependencies": {
        "uglifyjs": "^2.4.11"
      }
    },
    "node_modules/uglifyjs": {
      "version": "2.4.11",
      "resolved": "https://registry.npmjs.org/uglifyjs/-/uglifyjs-2.4.11.tgz",
      "integrity": "sha512-iR5+eXZCsoqmlzqYYENJm+rtX/KpC+jhhCtgORtBeVxRET+mfFHlyArl3DgYEqRTVDOxenv0OojFg02tf6LluA==",
      "deprecated": "uglifyjs is deprecated - use uglify-js instead."
    }
  },
  "dependencies": {
    "uglifyjs": {
      "version": "2.4.11",
      "resolved": "https://registry.npmjs.org/uglifyjs/-/uglifyjs-2.4.11.tgz",
      "integrity": "sha512-iR5+eXZCsoqmlzqYYENJm+rtX/KpC+jhhCtgORtBeVxRET+mfFHlyArl3DgYEqRTVDOxenv0OojFg02tf6LluA=="
    }
  }
}
